
Microsoft Visual Studio Solution File, Format Version 12.00
# Visual Studio Version 17
VisualStudioVersion = 17.0.31903.59
MinimumVisualStudioVersion = 10.0.40219.1
Project("{9A19103F-16F7-4668-BE54-9A1E7A4F7556}") = "Digital-Circle.Back", "Digital-Circle.Back\Digital-Circle.Back.csproj", "{8A7B548D-00EC-4660-894C-53B3259E6ED0}"
EndProject
Project("{2150E333-8FDC-42A3-9474-1A3956D46DE8}") = "src", "src", "{50DDE62C-AC90-474A-A3D8-0FC36E819B49}"
EndProject
Global
	GlobalSection(SolutionConfigurationPlatforms) = preSolution
		Debug|Any CPU = Debug|Any CPU
		Release|Any CPU = Release|Any CPU
	EndGlobalSection
	GlobalSection(ProjectConfigurationPlatforms) = postSolution
		{8A7B548D-00EC-4660-894C-53B3259E6ED0}.Debug|Any CPU.ActiveCfg = Debug|Any CPU
		{8A7B548D-00EC-4660-894C-53B3259E6ED0}.Debug|Any CPU.Build.0 = Debug|Any CPU
		{8A7B548D-00EC-4660-894C-53B3259E6ED0}.Release|Any CPU.ActiveCfg = Release|Any CPU
		{8A7B548D-00EC-4660-894C-53B3259E6ED0}.Release|Any CPU.Build.0 = Release|Any CPU
	EndGlobalSection
	GlobalSection(SolutionProperties) = preSolution
		HideSolutionNode = FALSE
	EndGlobalSection
	GlobalSection(NestedProjects) = preSolution
		{8A7B548D-00EC-4660-894C-53B3259E6ED0} = {50DDE62C-AC90-474A-A3D8-0FC36E819B49}
	EndGlobalSection
	GlobalSection(ExtensibilityGlobals) = postSolution
		SolutionGuid = {3F2FDEA6-4DF5-4340-9632-D2BA6C750EE2}
	EndGlobalSection
EndGlobal
